<?xml version="1.0" encoding="utf-8"?>
<Project ToolsVersion="4.0" xmlns="http://schemas.microsoft.com/developer/msbuild/2003">
  <ItemGroup>
    <Filter Include="Source Files">
      <UniqueIdentifier>{4FC737F1-C7A5-4376-A066-2A32D752A2FF}</UniqueIdentifier>
      <Extensions>cpp;c;cc;cxx;c++;cppm;ixx;def;odl;idl;hpj;bat;asm;asmx</Extensions>
    </Filter>
    <Filter Include="Resource Files">
      <UniqueIdentifier>{67DA6AB6-F800-4c08-8B7A-83BB121AAD01}</UniqueIdentifier>
      <Extensions>rc;ico;cur;bmp;dlg;rc2;rct;bin;rgs;gif;jpg;jpeg;jpe;resx;tiff;tif;png;wav;mfcribbon-ms</Extensions>
    </Filter>
    <Filter Include="Source Files\Rogue">
      <UniqueIdentifier>{c7fccb83-aace-4b19-ba37-f0b7ff84437d}</UniqueIdentifier>
    </Filter>
    <Filter Include="Source Files\Old">
      <UniqueIdentifier>{e8114fc1-e757-46bd-95b9-54da0c2c7ec5}</UniqueIdentifier>
    </Filter>
    <Filter Include="Source Files\Maps">
      <UniqueIdentifier>{65142931-b10b-46d1-9cd1-e17ac4e5f26c}</UniqueIdentifier>
    </Filter>
  </ItemGroup>
  <ItemGroup>
    <ClCompile Include="Gameplay.cpp">
      <Filter>Source Files\Rogue</Filter>
    </ClCompile>
    <ClCompile Include="interface.cpp">
      <Filter>Source Files\Rogue</Filter>
    </ClCompile>
    <ClCompile Include="item.cpp">
      <Filter>Source Files\Rogue</Filter>
    </ClCompile>
    <ClCompile Include="GameManager.cpp">
      <Filter>Source Files\Rogue</Filter>
    </ClCompile>
    <ClCompile Include="player.cpp">
      <Filter>Source Files\Rogue</Filter>
    </ClCompile>
    <ClCompile Include="Source.cpp">
      <Filter>Source Files\Old</Filter>
    </ClCompile>
    <ClCompile Include="npc.cpp">
      <Filter>Source Files\Rogue</Filter>
    </ClCompile>
  </ItemGroup>
  <ItemGroup>
    <ClInclude Include="Gameplay.h">
      <Filter>Source Files\Rogue</Filter>
    </ClInclude>
    <ClInclude Include="interface.h">
      <Filter>Source Files\Rogue</Filter>
    </ClInclude>
    <ClInclude Include="item.h">
      <Filter>Source Files\Rogue</Filter>
    </ClInclude>
    <ClInclude Include="GameManager.h">
      <Filter>Source Files\Rogue</Filter>
    </ClInclude>
    <ClInclude Include="player.h">
      <Filter>Source Files\Rogue</Filter>
    </ClInclude>
    <ClInclude Include="npc.h">
      <Filter>Source Files\Rogue</Filter>
    </ClInclude>
  </ItemGroup>
  <ItemGroup>
    <Text Include="map_1.txt">
      <Filter>Source Files\Maps</Filter>
    </Text>
    <Text Include="map_2.txt">
      <Filter>Source Files\Maps</Filter>
    </Text>
  </ItemGroup>
</Project>